Microsoft Visual Studio Solution File, Format Version 11.00
# Visual Studio 2008

Project("{FD67EBB5-E938-55A9-5DAA-5C3B443E3708}") = "2D Tap Game", "Assembly-CSharp.csproj", "{431392D3-2323-A6AF-8F09-D19E810F1A90}"
EndProject
Global
	GlobalSection(SolutionConfigurationPlatforms) = preSolution
		Debug|Any CPU = Debug|Any CPU
		Release|Any CPU = Release|Any CPU
	EndGlobalSection
	GlobalSection(ProjectConfigurationPlatforms) = postSolution
		{431392D3-2323-A6AF-8F09-D19E810F1A90}.Debug|Any CPU.ActiveCfg = Debug|Any CPU
		{431392D3-2323-A6AF-8F09-D19E810F1A90}.Debug|Any CPU.Build.0 = Debug|Any CPU
		{431392D3-2323-A6AF-8F09-D19E810F1A90}.Release|Any CPU.ActiveCfg = Release|Any CPU
		{431392D3-2323-A6AF-8F09-D19E810F1A90}.Release|Any CPU.Build.0 = Release|Any CPU
	EndGlobalSection
	GlobalSection(SolutionProperties) = preSolution
		HideSolutionNode = FALSE
	EndGlobalSection
	GlobalSection(MonoDevelopProperties) = preSolution
		StartupItem = Assembly-CSharp.csproj
	EndGlobalSection
EndGlobal
